
Microsoft Visual Studio Solution File, Format Version 12.00
# Visual Studio Version 17
VisualStudioVersion = 17.1.32319.34
MinimumVisualStudioVersion = 10.0.40219.1
Project("{FAE04EC0-301F-11D3-BF4B-00C04F79EFBC}") = "StoreFront.UI.MVC", "StoreFront.UI.MVC\StoreFront.UI.MVC.csproj", "{5E63A388-A7FF-4714-B826-8F2C5955EC90}"
EndProject
Project("{FAE04EC0-301F-11D3-BF4B-00C04F79EFBC}") = "StoreFront.DATA.EF", "StoreFront.DATA.EF\StoreFront.DATA.EF.csproj", "{2DE5CE24-6107-4C10-AC9B-D0A4AC2D9110}"
EndProject
Global
	GlobalSection(SolutionConfigurationPlatforms) = preSolution
		Debug|Any CPU = Debug|Any CPU
		Release|Any CPU = Release|Any CPU
	EndGlobalSection
	GlobalSection(ProjectConfigurationPlatforms) = postSolution
		{5E63A388-A7FF-4714-B826-8F2C5955EC90}.Debug|Any CPU.ActiveCfg = Debug|Any CPU
		{5E63A388-A7FF-4714-B826-8F2C5955EC90}.Debug|Any CPU.Build.0 = Debug|Any CPU
		{5E63A388-A7FF-4714-B826-8F2C5955EC90}.Release|Any CPU.ActiveCfg = Release|Any CPU
		{5E63A388-A7FF-4714-B826-8F2C5955EC90}.Release|Any CPU.Build.0 = Release|Any CPU
		{2DE5CE24-6107-4C10-AC9B-D0A4AC2D9110}.Debug|Any CPU.ActiveCfg = Debug|Any CPU
		{2DE5CE24-6107-4C10-AC9B-D0A4AC2D9110}.Debug|Any CPU.Build.0 = Debug|Any CPU
		{2DE5CE24-6107-4C10-AC9B-D0A4AC2D9110}.Release|Any CPU.ActiveCfg = Release|Any CPU
		{2DE5CE24-6107-4C10-AC9B-D0A4AC2D9110}.Release|Any CPU.Build.0 = Release|Any CPU
	EndGlobalSection
	GlobalSection(SolutionProperties) = preSolution
		HideSolutionNode = FALSE
	EndGlobalSection
	GlobalSection(ExtensibilityGlobals) = postSolution
		SolutionGuid = {7A772102-EDB3-4331-A7B4-A05952D62036}
	EndGlobalSection
EndGlobal
